{
  "name": "paperless-dock",
  "version": "1.0.0",
  "lockfileVersion": 3,
  "requires": true,
  "packages": {
    "": {
      "name": "paperless-dock",
      "version": "1.0.0",
      "workspaces": [
        "apps/*",
        "packages/*"
      ]
    },
    "apps/api": {
      "name": "@paperless-dock/api",
      "version": "1.0.0",
      "license": "ISC",
      "devDependencies": {}
    },
    "apps/web": {
      "name": "@paperless-dock/web",
      "version": "1.0.0",
      "license": "ISC"
    },
    "node_modules/@paperless-dock/api": {
      "resolved": "apps/api",
      "link": true
    },
    "node_modules/@paperless-dock/shared": {
      "resolved": "packages/shared",
      "link": true
    },
    "node_modules/@paperless-dock/web": {
      "resolved": "apps/web",
      "link": true
    },
    "packages/shared": {
      "name": "@paperless-dock/shared",
      "version": "1.0.0",
      "license": "ISC",
      "devDependencies": {}
    }
  }
}
